
Microsoft Visual Studio Solution File, Format Version 12.00
# Visual Studio Version 16
VisualStudioVersion = 16.0.31005.135
MinimumVisualStudioVersion = 10.0.40219.1
Project("{FAE04EC0-301F-11D3-BF4B-00C04F79EFBC}") = "FuncionarioWeb", "FuncionarioWeb\FuncionarioWeb.csproj", "{0F96E45B-0707-493B-A864-B891F356910F}"
EndProject
Project("{FAE04EC0-301F-11D3-BF4B-00C04F79EFBC}") = "Funcionario.Models", "Funcionario.Models\Funcionario.Models.csproj", "{66D78FFE-59A4-433B-BB05-4BED678879D7}"
EndProject
Project("{FAE04EC0-301F-11D3-BF4B-00C04F79EFBC}") = "Funcionario.DataAccess", "Funcionario.DataAccess\Funcionario.DataAccess.csproj", "{F9DE0F03-039E-426B-B126-1F7F62F2FFE2}"
EndProject
Global
	GlobalSection(SolutionConfigurationPlatforms) = preSolution
		Debug|Any CPU = Debug|Any CPU
		Release|Any CPU = Release|Any CPU
	EndGlobalSection
	GlobalSection(ProjectConfigurationPlatforms) = postSolution
		{0F96E45B-0707-493B-A864-B891F356910F}.Debug|Any CPU.ActiveCfg = Debug|Any CPU
		{0F96E45B-0707-493B-A864-B891F356910F}.Debug|Any CPU.Build.0 = Debug|Any CPU
		{0F96E45B-0707-493B-A864-B891F356910F}.Release|Any CPU.ActiveCfg = Release|Any CPU
		{0F96E45B-0707-493B-A864-B891F356910F}.Release|Any CPU.Build.0 = Release|Any CPU
		{66D78FFE-59A4-433B-BB05-4BED678879D7}.Debug|Any CPU.ActiveCfg = Debug|Any CPU
		{66D78FFE-59A4-433B-BB05-4BED678879D7}.Debug|Any CPU.Build.0 = Debug|Any CPU
		{66D78FFE-59A4-433B-BB05-4BED678879D7}.Release|Any CPU.ActiveCfg = Release|Any CPU
		{66D78FFE-59A4-433B-BB05-4BED678879D7}.Release|Any CPU.Build.0 = Release|Any CPU
		{F9DE0F03-039E-426B-B126-1F7F62F2FFE2}.Debug|Any CPU.ActiveCfg = Debug|Any CPU
		{F9DE0F03-039E-426B-B126-1F7F62F2FFE2}.Debug|Any CPU.Build.0 = Debug|Any CPU
		{F9DE0F03-039E-426B-B126-1F7F62F2FFE2}.Release|Any CPU.ActiveCfg = Release|Any CPU
		{F9DE0F03-039E-426B-B126-1F7F62F2FFE2}.Release|Any CPU.Build.0 = Release|Any CPU
	EndGlobalSection
	GlobalSection(SolutionProperties) = preSolution
		HideSolutionNode = FALSE
	EndGlobalSection
	GlobalSection(ExtensibilityGlobals) = postSolution
		SolutionGuid = {46B976A1-5A27-4C0E-8445-B5088A5149DE}
	EndGlobalSection
EndGlobal
